{
	"name": "wasm_braille",
	"version": "1.0.0",
	"lockfileVersion": 3,
	"requires": true,
	"packages": {
		"": {
			"name": "wasm_braille",
			"version": "1.0.0",
			"license": "ISC",
			"dependencies": {
				"wasm_braille": "file:"
			}
		},
		"node_modules/wasm_braille": {
			"resolved": "",
			"link": true
		}
	}
}
